
Microsoft Visual Studio Solution File, Format Version 12.00
# Visual Studio Version 16
VisualStudioVersion = 16.0.28803.202
MinimumVisualStudioVersion = 10.0.40219.1
Project("{9A19103F-16F7-4668-BE54-9A1E7A4F7556}") = "FundConnRec.API", "FundConnRec.API\FundConnRec.API.csproj", "{050850E0-FE27-4E4A-93E7-96542A6A2BE1}"
EndProject
Project("{9A19103F-16F7-4668-BE54-9A1E7A4F7556}") = "FundConnRec.UnitTests", "FundConnRec.UnitTests\FundConnRec.UnitTests.csproj", "{418AC188-4C89-403A-A228-F6E88087DD1F}"
EndProject
Project("{9A19103F-16F7-4668-BE54-9A1E7A4F7556}") = "FundConnRec.Models", "FundConnRec.Models\FundConnRec.Models.csproj", "{D2421E12-7EEF-4925-9FA2-2077501E930C}"
EndProject
Global
	GlobalSection(SolutionConfigurationPlatforms) = preSolution
		Debug|Any CPU = Debug|Any CPU
		Release|Any CPU = Release|Any CPU
	EndGlobalSection
	GlobalSection(ProjectConfigurationPlatforms) = postSolution
		{050850E0-FE27-4E4A-93E7-96542A6A2BE1}.Debug|Any CPU.ActiveCfg = Debug|Any CPU
		{050850E0-FE27-4E4A-93E7-96542A6A2BE1}.Debug|Any CPU.Build.0 = Debug|Any CPU
		{050850E0-FE27-4E4A-93E7-96542A6A2BE1}.Release|Any CPU.ActiveCfg = Release|Any CPU
		{050850E0-FE27-4E4A-93E7-96542A6A2BE1}.Release|Any CPU.Build.0 = Release|Any CPU
		{418AC188-4C89-403A-A228-F6E88087DD1F}.Debug|Any CPU.ActiveCfg = Debug|Any CPU
		{418AC188-4C89-403A-A228-F6E88087DD1F}.Debug|Any CPU.Build.0 = Debug|Any CPU
		{418AC188-4C89-403A-A228-F6E88087DD1F}.Release|Any CPU.ActiveCfg = Release|Any CPU
		{418AC188-4C89-403A-A228-F6E88087DD1F}.Release|Any CPU.Build.0 = Release|Any CPU
		{D2421E12-7EEF-4925-9FA2-2077501E930C}.Debug|Any CPU.ActiveCfg = Debug|Any CPU
		{D2421E12-7EEF-4925-9FA2-2077501E930C}.Debug|Any CPU.Build.0 = Debug|Any CPU
		{D2421E12-7EEF-4925-9FA2-2077501E930C}.Release|Any CPU.ActiveCfg = Release|Any CPU
		{D2421E12-7EEF-4925-9FA2-2077501E930C}.Release|Any CPU.Build.0 = Release|Any CPU
	EndGlobalSection
	GlobalSection(SolutionProperties) = preSolution
		HideSolutionNode = FALSE
	EndGlobalSection
	GlobalSection(ExtensibilityGlobals) = postSolution
		SolutionGuid = {6E2057E2-48BE-4EBD-B56C-B7F422486481}
	EndGlobalSection
EndGlobal
